// !$*UTF8*$!
{
	archiveVersion = 1;
	classes = {
	};
	objectVersion = 46;
	objects = {

/* Begin PBXBuildFile section */
		4121EF851F9598C00099362B /* Snap.swift in Sources */ = {isa = PBXBuildFile; fileRef = 4121EF841F9598C00099362B /* Snap.swift */; };
		4121EF871F959F4E0099362B /* ViewSnapViewController.swift in Sources */ = {isa = PBXBuildFile; fileRef = 4121EF861F959F4E0099362B /* ViewSnapViewController.swift */; };
		4160A3981F12E18A00A8D54E /* SnapsViewController.swift in Sources */ = {isa = PBXBuildFile; fileRef = 4160A3971F12E18A00A8D54E /* SnapsViewController.swift */; };
		4160A39A1F12F92800A8D54E /* PictureViewController.swift in Sources */ = {isa = PBXBuildFile; fileRef = 4160A3991F12F92800A8D54E /* PictureViewController.swift */; };
		416F7EE71F942D7E008D55FF /* SelectUserViewController.swift in Sources */ = {isa = PBXBuildFile; fileRef = 416F7EE61F942D7E008D55FF /* SelectUserViewController.swift */; };
		416F7EE91F9437BA008D55FF /* User.swift in Sources */ = {isa = PBXBuildFile; fileRef = 416F7EE81F9437BA008D55FF /* User.swift */; };
		41E8DDCA1F129FB7000C9927 /* AppDelegate.swift in Sources */ = {isa = PBXBuildFile; fileRef = 41E8DDC91F129FB7000C9927 /* AppDelegate.swift */; };
		41E8DDCC1F129FB7000C9927 /* SignInViewController.swift in Sources */ = {isa = PBXBuildFile; fileRef = 41E8DDCB1F129FB7000C9927 /* SignInViewController.swift */; };
		41E8DDCF1F129FB7000C9927 /* Main.storyboard in Resources */ = {isa = PBXBuildFile; fileRef = 41E8DDCD1F129FB7000C9927 /* Main.storyboard */; };
		41E8DDD11F129FB7000C9927 /* Assets.xcassets in Resources */ = {isa = PBXBuildFile; fileRef = 41E8DDD01F129FB7000C9927 /* Assets.xcassets */; };
		41E8DDD41F129FB7000C9927 /* LaunchScreen.storyboard in Resources */ = {isa = PBXBuildFile; fileRef = 41E8DDD21F129FB7000C9927 /* LaunchScreen.storyboard */; };
		41FE39E11F12A286007F2884 /* GoogleService-Info.plist in Resources */ = {isa = PBXBuildFile; fileRef = 41FE39E01F12A286007F2884 /* GoogleService-Info.plist */; };
		A839286AE9CAC7A54EEF1D99 /* Pods_Snapchat.framework in Frameworks */ = {isa = PBXBuildFile; fileRef = F95A2D8C0073C66EE4D68CAD /* Pods_Snapchat.framework */; };
/* End PBXBuildFile section */

/* Begin PBXFileReference section */
		1DE4876E7411BFA49DCBABC9 /* Pods-Snapchat.debug.xcconfig */ = {isa = PBXFileReference; includeInIndex = 1; lastKnownFileType = text.xcconfig; name = "Pods-Snapchat.debug.xcconfig"; path = "Pods/Target Support Files/Pods-Snapchat/Pods-Snapchat.debug.xcconfig"; sourceTree = "<group>"; };
		4121EF841F9598C00099362B /* Snap.swift */ = {isa = PBXFileReference; lastKnownFileType = sourcecode.swift; path = Snap.swift; sourceTree = "<group>"; };
		4121EF861F959F4E0099362B /* ViewSnapViewController.swift */ = {isa = PBXFileReference; lastKnownFileType = sourcecode.swift; path = ViewSnapViewController.swift; sourceTree = "<group>"; };
		4160A3971F12E18A00A8D54E /* SnapsViewController.swift */ = {isa = PBXFileReference; fileEncoding = 4; lastKnownFileType = sourcecode.swift; path = SnapsViewController.swift; sourceTree = "<group>"; };
		4160A3991F12F92800A8D54E /* PictureViewController.swift */ = {isa = PBXFileReference; fileEncoding = 4; lastKnownFileType = sourcecode.swift; path = PictureViewController.swift; sourceTree = "<group>"; };
		416F7EE61F942D7E008D55FF /* SelectUserViewController.swift */ = {isa = PBXFileReference; lastKnownFileType = sourcecode.swift; path = SelectUserViewController.swift; sourceTree = "<group>"; };
		416F7EE81F9437BA008D55FF /* User.swift */ = {isa = PBXFileReference; lastKnownFileType = sourcecode.swift; path = User.swift; sourceTree = "<group>"; };
		41E8DDC61F129FB7000C9927 /* Snapchat.app */ = {isa = PBXFileReference; explicitFileType = wrapper.application; includeInIndex = 0; path = Snapchat.app; sourceTree = BUILT_PRODUCTS_DIR; };
		41E8DDC91F129FB7000C9927 /* AppDelegate.swift */ = {isa = PBXFileReference; lastKnownFileType = sourcecode.swift; path = AppDelegate.swift; sourceTree = "<group>"; };
		41E8DDCB1F129FB7000C9927 /* SignInViewController.swift */ = {isa = PBXFileReference; lastKnownFileType = sourcecode.swift; path = SignInViewController.swift; sourceTree = "<group>"; };
		41E8DDCE1F129FB7000C9927 /* Base */ = {isa = PBXFileReference; lastKnownFileType = file.storyboard; name = Base; path = Base.lproj/Main.storyboard; sourceTree = "<group>"; };
		41E8DDD01F129FB7000C9927 /* Assets.xcassets */ = {isa = PBXFileReference; lastKnownFileType = folder.assetcatalog; path = Assets.xcassets; sourceTree = "<group>"; };
		41E8DDD31F129FB7000C9927 /* Base */ = {isa = PBXFileReference; lastKnownFileType = file.storyboard; name = Base; path = Base.lproj/LaunchScreen.storyboard; sourceTree = "<group>"; };
		41E8DDD51F129FB7000C9927 /* Info.plist */ = {isa = PBXFileReference; lastKnownFileType = text.plist.xml; path = Info.plist; sourceTree = "<group>"; };
		41FE39E01F12A286007F2884 /* GoogleService-Info.plist */ = {isa = PBXFileReference; fileEncoding = 4; lastKnownFileType = text.plist.xml; path = "GoogleService-Info.plist"; sourceTree = "<group>"; };
		7946AC5143A23D734C7A7945 /* Pods-Snapchat.release.xcconfig */ = {isa = PBXFileReference; includeInIndex = 1; lastKnownFileType = text.xcconfig; name = "Pods-Snapchat.release.xcconfig"; path = "Pods/Target Support Files/Pods-Snapchat/Pods-Snapchat.release.xcconfig"; sourceTree = "<group>"; };
		F95A2D8C0073C66EE4D68CAD /* Pods_Snapchat.framework */ = {isa = PBXFileReference; explicitFileType = wrapper.framework; includeInIndex = 0; path = Pods_Snapchat.framework; sourceTree = BUILT_PRODUCTS_DIR; };
/* End PBXFileReference section */

/* Begin PBXFrameworksBuildPhase section */
		41E8DDC31F129FB7000C9927 /* Frameworks */ = {
			isa = PBXFrameworksBuildPhase;
			buildActionMask = 2147483647;
			files = (
				A839286AE9CAC7A54EEF1D99 /* Pods_Snapchat.framework in Frameworks */,
			);
			runOnlyForDeploymentPostprocessing = 0;
		};
/* End PBXFrameworksBuildPhase section */

/* Begin PBXGroup section */
		40AC645EC71A8EB4CA93F001 /* Pods */ = {
			isa = PBXGroup;
			children = (
				1DE4876E7411BFA49DCBABC9 /* Pods-Snapchat.debug.xcconfig */,
				7946AC5143A23D734C7A7945 /* Pods-Snapchat.release.xcconfig */,
			);
			name = Pods;
			sourceTree = "<group>";
		};
		416F7EEA1F943801008D55FF /* ViewControllers */ = {
			isa = PBXGroup;
			children = (
				41E8DDCB1F129FB7000C9927 /* SignInViewController.swift */,
				416F7EE61F942D7E008D55FF /* SelectUserViewController.swift */,
				4160A3991F12F92800A8D54E /* PictureViewController.swift */,
				4160A3971F12E18A00A8D54E /* SnapsViewController.swift */,
				4121EF861F959F4E0099362B /* ViewSnapViewController.swift */,
			);
			path = ViewControllers;
			sourceTree = "<group>";
		};
		416F7EEB1F94383F008D55FF /* Models */ = {
			isa = PBXGroup;
			children = (
				416F7EE81F9437BA008D55FF /* User.swift */,
				4121EF841F9598C00099362B /* Snap.swift */,
			);
			path = Models;
			sourceTree = "<group>";
		};
		41E8DDBD1F129FB7000C9927 = {
			isa = PBXGroup;
			children = (
				41E8DDC81F129FB7000C9927 /* Snapchat */,
				41E8DDC71F129FB7000C9927 /* Products */,
				40AC645EC71A8EB4CA93F001 /* Pods */,
				CDE9559F9C07AFCE9C8D1034 /* Frameworks */,
			);
			sourceTree = "<group>";
		};
		41E8DDC71F129FB7000C9927 /* Products */ = {
			isa = PBXGroup;
			children = (
				41E8DDC61F129FB7000C9927 /* Snapchat.app */,
			);
			name = Products;
			sourceTree = "<group>";
		};
		41E8DDC81F129FB7000C9927 /* Snapchat */ = {
			isa = PBXGroup;
			children = (
				416F7EEA1F943801008D55FF /* ViewControllers */,
				416F7EEB1F94383F008D55FF /* Models */,
				41E8DDC91F129FB7000C9927 /* AppDelegate.swift */,
				41E8DDCD1F129FB7000C9927 /* Main.storyboard */,
				41E8DDD01F129FB7000C9927 /* Assets.xcassets */,
				41E8DDD21F129FB7000C9927 /* LaunchScreen.storyboard */,
				41E8DDD51F129FB7000C9927 /* Info.plist */,
				41FE39E01F12A286007F2884 /* GoogleService-Info.plist */,
			);
			path = Snapchat;
			sourceTree = "<group>";
		};
		CDE9559F9C07AFCE9C8D1034 /* Frameworks */ = {
			isa = PBXGroup;
			children = (
				F95A2D8C0073C66EE4D68CAD /* Pods_Snapchat.framework */,
			);
			name = Frameworks;
			sourceTree = "<group>";
		};
/* End PBXGroup section */

/* Begin PBXNativeTarget section */
		41E8DDC51F129FB7000C9927 /* Snapchat */ = {
			isa = PBXNativeTarget;
			buildConfigurationList = 41E8DDD81F129FB7000C9927 /* Build configuration list for PBXNativeTarget "Snapchat" */;
			buildPhases = (
				153136F6C29DDB1FB53E3203 /* [CP] Check Pods Manifest.lock */,
				41E8DDC21F129FB7000C9927 /* Sources */,
				41E8DDC31F129FB7000C9927 /* Frameworks */,
				41E8DDC41F129FB7000C9927 /* Resources */,
				156D8D346B758C0FB863E160 /* [CP] Embed Pods Frameworks */,
				090FED9A2AEC66E57EAE7E0B /* [CP] Copy Pods Resources */,
			);
			buildRules = (
			);
			dependencies = (
			);
			name = Snapchat;
			productName = Snapchat;
			productReference = 41E8DDC61F129FB7000C9927 /* Snapchat.app */;
			productType = "com.apple.product-type.application";
		};
/* End PBXNativeTarget section */

/* Begin PBXProject section */
		41E8DDBE1F129FB7000C9927 /* Project object */ = {
			isa = PBXProject;
			attributes = {
				LastSwiftUpdateCheck = 0830;
				LastUpgradeCheck = 0900;
				ORGANIZATIONNAME = "Ravi Kumar Venuturupalli";
				TargetAttributes = {
					41E8DDC51F129FB7000C9927 = {
						CreatedOnToolsVersion = 8.3.3;
						DevelopmentTeam = 52SRVZM9XB;
						LastSwiftMigration = 0900;
						ProvisioningStyle = Automatic;
					};
				};
			};
			buildConfigurationList = 41E8DDC11F129FB7000C9927 /* Build configuration list for PBXProject "Snapchat" */;
			compatibilityVersion = "Xcode 3.2";
			developmentRegion = English;
			hasScannedForEncodings = 0;
			knownRegions = (
				en,
				Base,
			);
			mainGroup = 41E8DDBD1F129FB7000C9927;
			productRefGroup = 41E8DDC71F129FB7000C9927 /* Products */;
			projectDirPath = "";
			projectRoot = "";
			targets = (
				41E8DDC51F129FB7000C9927 /* Snapchat */,
			);
		};
/* End PBXProject section */

/* Begin PBXResourcesBuildPhase section */
		41E8DDC41F129FB7000C9927 /* Resources */ = {
			isa = PBXResourcesBuildPhase;
			buildActionMask = 2147483647;
			files = (
				41E8DDD41F129FB7000C9927 /* LaunchScreen.storyboard in Resources */,
				41FE39E11F12A286007F2884 /* GoogleService-Info.plist in Resources */,
				41E8DDD11F129FB7000C9927 /* Assets.xcassets in Resources */,
				41E8DDCF1F129FB7000C9927 /* Main.storyboard in Resources */,
			);
			runOnlyForDeploymentPostprocessing = 0;
		};
/* End PBXResourcesBuildPhase section */

/* Begin PBXShellScriptBuildPhase section */
		090FED9A2AEC66E57EAE7E0B /* [CP] Copy Pods Resources */ = {
			isa = PBXShellScriptBuildPhase;
			buildActionMask = 2147483647;
			files = (
			);
			inputPaths = (
			);
			name = "[CP] Copy Pods Resources";
			outputPaths = (
			);
			runOnlyForDeploymentPostprocessing = 0;
			shellPath = /bin/sh;
			shellScript = "\"${SRCROOT}/Pods/Target Support Files/Pods-Snapchat/Pods-Snapchat-resources.sh\"\n";
			showEnvVarsInLog = 0;
		};
		153136F6C29DDB1FB53E3203 /* [CP] Check Pods Manifest.lock */ = {
			isa = PBXShellScriptBuildPhase;
			buildActionMask = 2147483647;
			files = (
			);
			inputPaths = (
				"${PODS_PODFILE_DIR_PATH}/Podfile.lock",
				"${PODS_ROOT}/Manifest.lock",
			);
			name = "[CP] Check Pods Manifest.lock";
			outputPaths = (
				"$(DERIVED_FILE_DIR)/Pods-Snapchat-checkManifestLockResult.txt",
			);
			runOnlyForDeploymentPostprocessing = 0;
			shellPath = /bin/sh;
			shellScript = "diff \"${PODS_PODFILE_DIR_PATH}/Podfile.lock\" \"${PODS_ROOT}/Manifest.lock\" > /dev/null\nif [ $? != 0 ] ; then\n    # print error to STDERR\n    echo \"error: The sandbox is not in sync with the Podfile.lock. Run 'pod install' or update your CocoaPods installation.\" >&2\n    exit 1\nfi\n# This output is used by Xcode 'outputs' to avoid re-running this script phase.\necho \"SUCCESS\" > \"${SCRIPT_OUTPUT_FILE_0}\"\n";
			showEnvVarsInLog = 0;
		};
		156D8D346B758C0FB863E160 /* [CP] Embed Pods Frameworks */ = {
			isa = PBXShellScriptBuildPhase;
			buildActionMask = 2147483647;
			files = (
			);
			inputPaths = (
				"${SRCROOT}/Pods/Target Support Files/Pods-Snapchat/Pods-Snapchat-frameworks.sh",
				"${BUILT_PRODUCTS_DIR}/GTMSessionFetcher/GTMSessionFetcher.framework",
				"${BUILT_PRODUCTS_DIR}/GoogleToolboxForMac/GoogleToolboxForMac.framework",
				"${BUILT_PRODUCTS_DIR}/SDWebImage/SDWebImage.framework",
			);
			name = "[CP] Embed Pods Frameworks";
			outputPaths = (
				"${TARGET_BUILD_DIR}/${FRAMEWORKS_FOLDER_PATH}/GTMSessionFetcher.framework",
				"${TARGET_BUILD_DIR}/${FRAMEWORKS_FOLDER_PATH}/GoogleToolboxForMac.framework",
				"${TARGET_BUILD_DIR}/${FRAMEWORKS_FOLDER_PATH}/SDWebImage.framework",
			);
			runOnlyForDeploymentPostprocessing = 0;
			shellPath = /bin/sh;
			shellScript = "\"${SRCROOT}/Pods/Target Support Files/Pods-Snapchat/Pods-Snapchat-frameworks.sh\"\n";
			showEnvVarsInLog = 0;
		};
/* End PBXShellScriptBuildPhase section */

/* Begin PBXSourcesBuildPhase section */
		41E8DDC21F129FB7000C9927 /* Sources */ = {
			isa = PBXSourcesBuildPhase;
			buildActionMask = 2147483647;
			files = (
				41E8DDCC1F129FB7000C9927 /* SignInViewController.swift in Sources */,
				4160A39A1F12F92800A8D54E /* PictureViewController.swift in Sources */,
				416F7EE91F9437BA008D55FF /* User.swift in Sources */,
				4121EF871F959F4E0099362B /* ViewSnapViewController.swift in Sources */,
				416F7EE71F942D7E008D55FF /* SelectUserViewController.swift in Sources */,
				4121EF851F9598C00099362B /* Snap.swift in Sources */,
				41E8DDCA1F129FB7000C9927 /* AppDelegate.swift in Sources */,
				4160A3981F12E18A00A8D54E /* SnapsViewController.swift in Sources */,
			);
			runOnlyForDeploymentPostprocessing = 0;
		};
/* End PBXSourcesBuildPhase section */

/* Begin PBXVariantGroup section */
		41E8DDCD1F129FB7000C9927 /* Main.storyboard */ = {
			isa = PBXVariantGroup;
			children = (
				41E8DDCE1F129FB7000C9927 /* Base */,
			);
			name = Main.storyboard;
			sourceTree = "<group>";
		};
		41E8DDD21F129FB7000C9927 /* LaunchScreen.storyboard */ = {
			isa = PBXVariantGroup;
			children = (
				41E8DDD31F129FB7000C9927 /* Base */,
			);
			name = LaunchScreen.storyboard;
			sourceTree = "<group>";
		};
/* End PBXVariantGroup section */

/* Begin XCBuildConfiguration section */
		41E8DDD61F129FB7000C9927 /* Debug */ = {
			isa = XCBuildConfiguration;
			buildSettings = {
				ALWAYS_SEARCH_USER_PATHS = NO;
				CLANG_ANALYZER_NONNULL = YES;
				CLANG_ANALYZER_NUMBER_OBJECT_CONVERSION = YES_AGGRESSIVE;
				CLANG_CXX_LANGUAGE_STANDARD = "gnu++0x";
				CLANG_CXX_LIBRARY = "libc++";
				CLANG_ENABLE_MODULES = YES;
				CLANG_ENABLE_OBJC_ARC = YES;
				CLANG_WARN_BLOCK_CAPTURE_AUTORELEASING = YES;
				CLANG_WARN_BOOL_CONVERSION = YES;
				CLANG_WARN_COMMA = YES;
				CLANG_WARN_CONSTANT_CONVERSION = YES;
				CLANG_WARN_DIRECT_OBJC_ISA_USAGE = YES_ERROR;
				CLANG_WARN_DOCUMENTATION_COMMENTS = YES;
				CLANG_WARN_EMPTY_BODY = YES;
				CLANG_WARN_ENUM_CONVERSION = YES;
				CLANG_WARN_INFINITE_RECURSION = YES;
				CLANG_WARN_INT_CONVERSION = YES;
				CLANG_WARN_NON_LITERAL_NULL_CONVERSION = YES;
				CLANG_WARN_OBJC_LITERAL_CONVERSION = YES;
				CLANG_WARN_OBJC_ROOT_CLASS = YES_ERROR;
				CLANG_WARN_RANGE_LOOP_ANALYSIS = YES;
				CLANG_WARN_STRICT_PROTOTYPES = YES;
				CLANG_WARN_SUSPICIOUS_MOVE = YES;
				CLANG_WARN_UNREACHABLE_CODE = YES;
				CLANG_WARN__DUPLICATE_METHOD_MATCH = YES;
				"CODE_SIGN_IDENTITY[sdk=iphoneos*]" = "iPhone Developer";
				COPY_PHASE_STRIP = NO;
				DEBUG_INFORMATION_FORMAT = dwarf;
				ENABLE_STRICT_OBJC_MSGSEND = YES;
				ENABLE_TESTABILITY = YES;
				GCC_C_LANGUAGE_STANDARD = gnu99;
				GCC_DYNAMIC_NO_PIC = NO;
				GCC_NO_COMMON_BLOCKS = YES;
				GCC_OPTIMIZATION_LEVEL = 0;
				GCC_PREPROCESSOR_DEFINITIONS = (
					"DEBUG=1",
					"$(inherited)",
				);
				GCC_WARN_64_TO_32_BIT_CONVERSION = YES;
				GCC_WARN_ABOUT_RETURN_TYPE = YES_ERROR;
				GCC_WARN_UNDECLARED_SELECTOR = YES;
				GCC_WARN_UNINITIALIZED_AUTOS = YES_AGGRESSIVE;
				GCC_WARN_UNUSED_FUNCTION = YES;
				GCC_WARN_UNUSED_VARIABLE = YES;
				IPHONEOS_DEPLOYMENT_TARGET = 10.3;
				MTL_ENABLE_DEBUG_INFO = YES;
				ONLY_ACTIVE_ARCH = YES;
				SDKROOT = iphoneos;
				SWIFT_ACTIVE_COMPILATION_CONDITIONS = DEBUG;
				SWIFT_OPTIMIZATION_LEVEL = "-Onone";
				TARGETED_DEVICE_FAMILY = "1,2";
			};
			name = Debug;
		};
		41E8DDD71F129FB7000C9927 /* Release */ = {
			isa = XCBuildConfiguration;
			buildSettings = {
				ALWAYS_SEARCH_USER_PATHS = NO;
				CLANG_ANALYZER_NONNULL = YES;
				CLANG_ANALYZER_NUMBER_OBJECT_CONVERSION = YES_AGGRESSIVE;
				CLANG_CXX_LANGUAGE_STANDARD = "gnu++0x";
				CLANG_CXX_LIBRARY = "libc++";
				CLANG_ENABLE_MODULES = YES;
				CLANG_ENABLE_OBJC_ARC = YES;
				CLANG_WARN_BLOCK_CAPTURE_AUTORELEASING = YES;
				CLANG_WARN_BOOL_CONVERSION = YES;
				CLANG_WARN_COMMA = YES;
				CLANG_WARN_CONSTANT_CONVERSION = YES;
				CLANG_WARN_DIRECT_OBJC_ISA_USAGE = YES_ERROR;
				CLANG_WARN_DOCUMENTATION_COMMENTS = YES;
				CLANG_WARN_EMPTY_BODY = YES;
				CLANG_WARN_ENUM_CONVERSION = YES;
				CLANG_WARN_INFINITE_RECURSION = YES;
				CLANG_WARN_INT_CONVERSION = YES;
				CLANG_WARN_NON_LITERAL_NULL_CONVERSION = YES;
				CLANG_WARN_OBJC_LITERAL_CONVERSION = YES;
				CLANG_WARN_OBJC_ROOT_CLASS = YES_ERROR;
				CLANG_WARN_RANGE_LOOP_ANALYSIS = YES;
				CLANG_WARN_STRICT_PROTOTYPES = YES;
				CLANG_WARN_SUSPICIOUS_MOVE = YES;
				CLANG_WARN_UNREACHABLE_CODE = YES;
				CLANG_WARN__DUPLICATE_METHOD_MATCH = YES;
				"CODE_SIGN_IDENTITY[sdk=iphoneos*]" = "iPhone Developer";
				COPY_PHASE_STRIP = NO;
				DEBUG_INFORMATION_FORMAT = "dwarf-with-dsym";
				ENABLE_NS_ASSERTIONS = NO;
				ENABLE_STRICT_OBJC_MSGSEND = YES;
				GCC_C_LANGUAGE_STANDARD = gnu99;
				GCC_NO_COMMON_BLOCKS = YES;
				GCC_WARN_64_TO_32_BIT_CONVERSION = YES;
				GCC_WARN_ABOUT_RETURN_TYPE = YES_ERROR;
				GCC_WARN_UNDECLARED_SELECTOR = YES;
				GCC_WARN_UNINITIALIZED_AUTOS = YES_AGGRESSIVE;
				GCC_WARN_UNUSED_FUNCTION = YES;
				GCC_WARN_UNUSED_VARIABLE = YES;
				IPHONEOS_DEPLOYMENT_TARGET = 10.3;
				MTL_ENABLE_DEBUG_INFO = NO;
				SDKROOT = iphoneos;
				SWIFT_OPTIMIZATION_LEVEL = "-Owholemodule";
				TARGETED_DEVICE_FAMILY = "1,2";
				VALIDATE_PRODUCT = YES;
			};
			name = Release;
		};
		41E8DDD91F129FB7000C9927 /* Debug */ = {
			isa = XCBuildConfiguration;
			baseConfigurationReference = 1DE4876E7411BFA49DCBABC9 /* Pods-Snapchat.debug.xcconfig */;
			buildSettings = {
				ASSETCATALOG_COMPILER_APPICON_NAME = AppIcon;
				DEVELOPMENT_TEAM = 52SRVZM9XB;
				INFOPLIST_FILE = Snapchat/Info.plist;
				LD_RUNPATH_SEARCH_PATHS = "$(inherited) @executable_path/Frameworks";
				PRODUCT_BUNDLE_IDENTIFIER = com.ravikumar.Snapchat;
				PRODUCT_NAME = "$(TARGET_NAME)";
				SWIFT_SWIFT3_OBJC_INFERENCE = On;
				SWIFT_VERSION = 4.0;
			};
			name = Debug;
		};
		41E8DDDA1F129FB7000C9927 /* Release */ = {
			isa = XCBuildConfiguration;
			baseConfigurationReference = 7946AC5143A23D734C7A7945 /* Pods-Snapchat.release.xcconfig */;
			buildSettings = {
				ASSETCATALOG_COMPILER_APPICON_NAME = AppIcon;
				DEVELOPMENT_TEAM = 52SRVZM9XB;
				INFOPLIST_FILE = Snapchat/Info.plist;
				LD_RUNPATH_SEARCH_PATHS = "$(inherited) @executable_path/Frameworks";
				PRODUCT_BUNDLE_IDENTIFIER = com.ravikumar.Snapchat;
				PRODUCT_NAME = "$(TARGET_NAME)";
				SWIFT_SWIFT3_OBJC_INFERENCE = On;
				SWIFT_VERSION = 4.0;
			};
			name = Release;
		};
/* End XCBuildConfiguration section */

/* Begin XCConfigurationList section */
		41E8DDC11F129FB7000C9927 /* Build configuration list for PBXProject "Snapchat" */ = {
			isa = XCConfigurationList;
			buildConfigurations = (
				41E8DDD61F129FB7000C9927 /* Debug */,
				41E8DDD71F129FB7000C9927 /* Release */,
			);
			defaultConfigurationIsVisible = 0;
			defaultConfigurationName = Release;
		};
		41E8DDD81F129FB7000C9927 /* Build configuration list for PBXNativeTarget "Snapchat" */ = {
			isa = XCConfigurationList;
			buildConfigurations = (
				41E8DDD91F129FB7000C9927 /* Debug */,
				41E8DDDA1F129FB7000C9927 /* Release */,
			);
			defaultConfigurationIsVisible = 0;
			defaultConfigurationName = Release;
		};
/* End XCConfigurationList section */
	};
	rootObject = 41E8DDBE1F129FB7000C9927 /* Project object */;
}
